<?xml version="1.0" encoding="utf-8"?>
<Project ToolsVersion="4.0" xmlns="http://schemas.microsoft.com/developer/msbuild/2003">
  <ItemGroup>
    <Filter Include="Source Files">
      <UniqueIdentifier>{4FC737F1-C7A5-4376-A066-2A32D752A2FF}</UniqueIdentifier>
      <Extensions>cpp;c;cc;cxx;def;odl;idl;hpj;bat;asm;asmx</Extensions>
    </Filter>
    <Filter Include="Header Files">
      <UniqueIdentifier>{93995380-89BD-4b04-88EB-625FBE52EBFB}</UniqueIdentifier>
      <Extensions>h;hh;hpp;hxx;hm;inl;inc;xsd</Extensions>
    </Filter>
    <Filter Include="Resource Files">
      <UniqueIdentifier>{67DA6AB6-F800-4c08-8B7A-83BB121AAD01}</UniqueIdentifier>
      <Extensions>rc;ico;cur;bmp;dlg;rc2;rct;bin;rgs;gif;jpg;jpeg;jpe;resx;tiff;tif;png;wav;mfcribbon-ms</Extensions>
    </Filter>
    <Filter Include="Source Files\GameStates">
      <UniqueIdentifier>{767b9e0a-39f0-4404-947c-216ffe2a1bb5}</UniqueIdentifier>
    </Filter>
    <Filter Include="Header Files\GameStates">
      <UniqueIdentifier>{a77e7ff6-935d-42d4-af66-123a73ba9a9c}</UniqueIdentifier>
    </Filter>
  </ItemGroup>
  <ItemGroup>
    <ClCompile Include="Main.cpp">
      <Filter>Source Files</Filter>
    </ClCompile>
    <ClCompile Include="GameStateManager.cpp">
      <Filter>Source Files</Filter>
    </ClCompile>
    <ClCompile Include="MenuState.cpp">
      <Filter>Source Files\GameStates</Filter>
    </ClCompile>
    <ClCompile Include="PlayingState.cpp">
      <Filter>Source Files</Filter>
    </ClCompile>
    <ClCompile Include="ObjModel.cpp">
      <Filter>Source Files</Filter>
    </ClCompile>
  </ItemGroup>
  <ItemGroup>
    <ClInclude Include="GameStateManager.h">
      <Filter>Header Files</Filter>
    </ClInclude>
    <ClInclude Include="GameState.h">
      <Filter>Header Files</Filter>
    </ClInclude>
    <ClInclude Include="Entity.h">
      <Filter>Header Files</Filter>
    </ClInclude>
    <ClInclude Include="MenuState.h">
      <Filter>Header Files\GameStates</Filter>
    </ClInclude>
    <ClInclude Include="PlayingState.h">
      <Filter>Header Files</Filter>
    </ClInclude>
    <ClInclude Include="objmodel.h">
      <Filter>Header Files</Filter>
    </ClInclude>
  </ItemGroup>
  <ItemGroup>
    <None Include="models\baksteen\Lowpoly Old Notebook(obj).mtl" />
    <None Include="models\bloemetje\PrimroseP.mtl" />
    <None Include="models\car\honda_jazz.mtl" />
    <None Include="models\cube\cube-textures.mtl" />
    <None Include="models\normalstuff\normaltest.blend" />
    <None Include="models\normalstuff\normaltest.mtl" />
    <None Include="models\normalstuff\normaltest2.blend" />
    <None Include="models\normalstuff\normaltest2.blend1" />
    <None Include="models\normalstuff\normaltest2.mtl" />
    <None Include="models\ship\shipA_OBJ.mtl" />
    <None Include="models\ship\shipA_OBJ.obj" />
    <None Include="models\bloemetje\PrimroseP.obj" />
    <None Include="models\normalstuff\normaltest2.obj" />
    <None Include="models\normalstuff\normaltest.obj" />
    <None Include="models\baksteen\Lowpoly Old Notebook(obj).obj" />
    <None Include="models\car\honda_jazz.obj" />
    <None Include="models\cube\cube-textures.obj" />
  </ItemGroup>
  <ItemGroup>
    <Image Include="models\baksteen\Map__2_Normal_Bump.tga" />
    <Image Include="models\baksteen\Notebook Normal.jpg">
      <Filter>Resource Files</Filter>
    </Image>
    <Image Include="models\baksteen\Notebook Specular.jpg">
      <Filter>Resource Files</Filter>
    </Image>
    <Image Include="models\baksteen\Notebook_Color.jpg">
      <Filter>Resource Files</Filter>
    </Image>
    <Image Include="models\bloemetje\PRIM1L2.png">
      <Filter>Resource Files</Filter>
    </Image>
    <Image Include="models\bloemetje\PRIM1L3.png">
      <Filter>Resource Files</Filter>
    </Image>
    <Image Include="models\bloemetje\PRIM1P.png">
      <Filter>Resource Files</Filter>
    </Image>
    <Image Include="models\bloemetje\PRIM1ST.png">
      <Filter>Resource Files</Filter>
    </Image>
    <Image Include="models\bloemetje\PRIMsoil.png">
      <Filter>Resource Files</Filter>
    </Image>
    <Image Include="models\bloemetje\vase.png">
      <Filter>Resource Files</Filter>
    </Image>
    <Image Include="models\car\tex\Jazz_diffuse.jpg">
      <Filter>Resource Files</Filter>
    </Image>
    <Image Include="models\car\tex\Jazz_opacity.jpg">
      <Filter>Resource Files</Filter>
    </Image>
    <Image Include="models\cube\tex1.bmp">
      <Filter>Resource Files</Filter>
    </Image>
    <Image Include="models\cube\tex2.bmp">
      <Filter>Resource Files</Filter>
    </Image>
    <Image Include="models\cube\tex3.bmp">
      <Filter>Resource Files</Filter>
    </Image>
    <Image Include="models\cube\tex4.bmp">
      <Filter>Resource Files</Filter>
    </Image>
    <Image Include="models\normalstuff\normaltest.png">
      <Filter>Resource Files</Filter>
    </Image>
    <Image Include="models\normalstuff\normaltest2.png">
      <Filter>Resource Files</Filter>
    </Image>
    <Image Include="models\normalstuff\texture.png">
      <Filter>Resource Files</Filter>
    </Image>
    <Image Include="models\ship\s_1024_C.tga" />
    <Image Include="models\ship\s_1024_N.tga" />
  </ItemGroup>
</Project>